
Microsoft Visual Studio Solution File, Format Version 12.00
# Visual Studio 15
VisualStudioVersion = 15.0.26124.0
MinimumVisualStudioVersion = 15.0.26124.0
Project("{F2A71F9B-5D33-465A-A702-920D77279786}") = "docsTool", "docsTool\docsTool.fsproj", "{8855EC73-F6A1-43D3-AFBC-04A3E09F9BD9}"
EndProject
Project("{2150E333-8FDC-42A3-9474-1A3956D46DE8}") = "src", "src", "{569DF79C-F1A0-4AE9-BE73-17628649518C}"
EndProject
Project("{FAE04EC0-301F-11D3-BF4B-00C04F79EFBC}") = "YC.OpenCL.NET", "src\YC.OpenCL.NET\YC.OpenCL.NET.csproj", "{455B3C80-98CD-484A-8AD0-6EB93E504D84}"
EndProject
Project("{F2A71F9B-5D33-465A-A702-920D77279786}") = "Brahma.FSharp.OpenCL.AST", "src\Brahma.FSharp.OpenCL.AST\Brahma.FSharp.OpenCL.AST.fsproj", "{8EC9A531-3D43-4453-990F-D271427BF081}"
EndProject
Project("{F2A71F9B-5D33-465A-A702-920D77279786}") = "Brahma.FSharp.OpenCL.Shared", "src\Brahma.FSharp.OpenCL.Shared\Brahma.FSharp.OpenCL.Shared.fsproj", "{4179A51B-86A4-4426-9923-4621506E2490}"
EndProject
Project("{F2A71F9B-5D33-465A-A702-920D77279786}") = "Brahma.FSharp.OpenCL.Translator", "src\Brahma.FSharp.OpenCL.Translator\Brahma.FSharp.OpenCL.Translator.fsproj", "{11F1D2B8-78EE-43E7-AE92-EE528B6FB5DF}"
EndProject
Project("{F2A71F9B-5D33-465A-A702-920D77279786}") = "Brahma.FSharp.OpenCL.Printer", "src\Brahma.FSharp.OpenCL.Printer\Brahma.FSharp.OpenCL.Printer.fsproj", "{25D0A829-1B1D-4918-B559-A6339930E9C5}"
EndProject
Project("{F2A71F9B-5D33-465A-A702-920D77279786}") = "Brahma.FSharp.OpenCL.Core", "src\Brahma.FSharp.OpenCL.Core\Brahma.FSharp.OpenCL.Core.fsproj", "{23A1A78F-B126-4BC9-81DB-65BC6168ABDF}"
EndProject
Project("{2150E333-8FDC-42A3-9474-1A3956D46DE8}") = "tests", "tests", "{4E140F34-4036-4BCF-9FC9-968AD475FC85}"
EndProject
Project("{F2A71F9B-5D33-465A-A702-920D77279786}") = "Brahma.FSharp.Tests", "tests\Brahma.FSharp.Tests\Brahma.FSharp.Tests.fsproj", "{D607C727-7FFB-494B-B481-01B1A2569EE8}"
EndProject
Project("{2150E333-8FDC-42A3-9474-1A3956D46DE8}") = "benchmarks", "benchmarks", "{ABA8692D-16D1-4258-94E2-D0D73E86F8A1}"
EndProject
Project("{F2A71F9B-5D33-465A-A702-920D77279786}") = "Brahma.FSharp.Benchmarks", "benchmarks\Brahma.FSharp.Benchmarks\Brahma.FSharp.Benchmarks.fsproj", "{3CB90A8F-D372-426E-930A-65833F46E796}"
EndProject
Global
	GlobalSection(SolutionConfigurationPlatforms) = preSolution
		Debug|Any CPU = Debug|Any CPU
		Debug|x64 = Debug|x64
		Debug|x86 = Debug|x86
		Release|Any CPU = Release|Any CPU
		Release|x64 = Release|x64
		Release|x86 = Release|x86
	EndGlobalSection
	GlobalSection(SolutionProperties) = preSolution
		HideSolutionNode = FALSE
	EndGlobalSection
	GlobalSection(ProjectConfigurationPlatforms) = postSolution
		{8855EC73-F6A1-43D3-AFBC-04A3E09F9BD9}.Debug|Any CPU.ActiveCfg = Debug|Any CPU
		{8855EC73-F6A1-43D3-AFBC-04A3E09F9BD9}.Debug|Any CPU.Build.0 = Debug|Any CPU
		{8855EC73-F6A1-43D3-AFBC-04A3E09F9BD9}.Debug|x64.ActiveCfg = Debug|Any CPU
		{8855EC73-F6A1-43D3-AFBC-04A3E09F9BD9}.Debug|x64.Build.0 = Debug|Any CPU
		{8855EC73-F6A1-43D3-AFBC-04A3E09F9BD9}.Debug|x86.ActiveCfg = Debug|Any CPU
		{8855EC73-F6A1-43D3-AFBC-04A3E09F9BD9}.Debug|x86.Build.0 = Debug|Any CPU
		{8855EC73-F6A1-43D3-AFBC-04A3E09F9BD9}.Release|Any CPU.ActiveCfg = Release|Any CPU
		{8855EC73-F6A1-43D3-AFBC-04A3E09F9BD9}.Release|Any CPU.Build.0 = Release|Any CPU
		{8855EC73-F6A1-43D3-AFBC-04A3E09F9BD9}.Release|x64.ActiveCfg = Release|Any CPU
		{8855EC73-F6A1-43D3-AFBC-04A3E09F9BD9}.Release|x64.Build.0 = Release|Any CPU
		{8855EC73-F6A1-43D3-AFBC-04A3E09F9BD9}.Release|x86.ActiveCfg = Release|Any CPU
		{8855EC73-F6A1-43D3-AFBC-04A3E09F9BD9}.Release|x86.Build.0 = Release|Any CPU
		{455B3C80-98CD-484A-8AD0-6EB93E504D84}.Debug|Any CPU.ActiveCfg = Debug|Any CPU
		{455B3C80-98CD-484A-8AD0-6EB93E504D84}.Debug|Any CPU.Build.0 = Debug|Any CPU
		{455B3C80-98CD-484A-8AD0-6EB93E504D84}.Debug|x64.ActiveCfg = Debug|Any CPU
		{455B3C80-98CD-484A-8AD0-6EB93E504D84}.Debug|x64.Build.0 = Debug|Any CPU
		{455B3C80-98CD-484A-8AD0-6EB93E504D84}.Debug|x86.ActiveCfg = Debug|Any CPU
		{455B3C80-98CD-484A-8AD0-6EB93E504D84}.Debug|x86.Build.0 = Debug|Any CPU
		{455B3C80-98CD-484A-8AD0-6EB93E504D84}.Release|Any CPU.ActiveCfg = Release|Any CPU
		{455B3C80-98CD-484A-8AD0-6EB93E504D84}.Release|Any CPU.Build.0 = Release|Any CPU
		{455B3C80-98CD-484A-8AD0-6EB93E504D84}.Release|x64.ActiveCfg = Release|Any CPU
		{455B3C80-98CD-484A-8AD0-6EB93E504D84}.Release|x64.Build.0 = Release|Any CPU
		{455B3C80-98CD-484A-8AD0-6EB93E504D84}.Release|x86.ActiveCfg = Release|Any CPU
		{455B3C80-98CD-484A-8AD0-6EB93E504D84}.Release|x86.Build.0 = Release|Any CPU
		{23A1A78F-B126-4BC9-81DB-65BC6168ABDF}.Debug|Any CPU.ActiveCfg = Debug|Any CPU
		{23A1A78F-B126-4BC9-81DB-65BC6168ABDF}.Debug|Any CPU.Build.0 = Debug|Any CPU
		{23A1A78F-B126-4BC9-81DB-65BC6168ABDF}.Debug|x64.ActiveCfg = Debug|Any CPU
		{23A1A78F-B126-4BC9-81DB-65BC6168ABDF}.Debug|x64.Build.0 = Debug|Any CPU
		{23A1A78F-B126-4BC9-81DB-65BC6168ABDF}.Debug|x86.ActiveCfg = Debug|Any CPU
		{23A1A78F-B126-4BC9-81DB-65BC6168ABDF}.Debug|x86.Build.0 = Debug|Any CPU
		{23A1A78F-B126-4BC9-81DB-65BC6168ABDF}.Release|Any CPU.ActiveCfg = Release|Any CPU
		{23A1A78F-B126-4BC9-81DB-65BC6168ABDF}.Release|Any CPU.Build.0 = Release|Any CPU
		{23A1A78F-B126-4BC9-81DB-65BC6168ABDF}.Release|x64.ActiveCfg = Release|Any CPU
		{23A1A78F-B126-4BC9-81DB-65BC6168ABDF}.Release|x64.Build.0 = Release|Any CPU
		{23A1A78F-B126-4BC9-81DB-65BC6168ABDF}.Release|x86.ActiveCfg = Release|Any CPU
		{23A1A78F-B126-4BC9-81DB-65BC6168ABDF}.Release|x86.Build.0 = Release|Any CPU
		{8EC9A531-3D43-4453-990F-D271427BF081}.Debug|Any CPU.ActiveCfg = Debug|Any CPU
		{8EC9A531-3D43-4453-990F-D271427BF081}.Debug|Any CPU.Build.0 = Debug|Any CPU
		{8EC9A531-3D43-4453-990F-D271427BF081}.Debug|x64.ActiveCfg = Debug|Any CPU
		{8EC9A531-3D43-4453-990F-D271427BF081}.Debug|x64.Build.0 = Debug|Any CPU
		{8EC9A531-3D43-4453-990F-D271427BF081}.Debug|x86.ActiveCfg = Debug|Any CPU
		{8EC9A531-3D43-4453-990F-D271427BF081}.Debug|x86.Build.0 = Debug|Any CPU
		{8EC9A531-3D43-4453-990F-D271427BF081}.Release|Any CPU.ActiveCfg = Release|Any CPU
		{8EC9A531-3D43-4453-990F-D271427BF081}.Release|Any CPU.Build.0 = Release|Any CPU
		{8EC9A531-3D43-4453-990F-D271427BF081}.Release|x64.ActiveCfg = Release|Any CPU
		{8EC9A531-3D43-4453-990F-D271427BF081}.Release|x64.Build.0 = Release|Any CPU
		{8EC9A531-3D43-4453-990F-D271427BF081}.Release|x86.ActiveCfg = Release|Any CPU
		{8EC9A531-3D43-4453-990F-D271427BF081}.Release|x86.Build.0 = Release|Any CPU
		{11F1D2B8-78EE-43E7-AE92-EE528B6FB5DF}.Debug|Any CPU.ActiveCfg = Debug|Any CPU
		{11F1D2B8-78EE-43E7-AE92-EE528B6FB5DF}.Debug|Any CPU.Build.0 = Debug|Any CPU
		{11F1D2B8-78EE-43E7-AE92-EE528B6FB5DF}.Debug|x64.ActiveCfg = Debug|Any CPU
		{11F1D2B8-78EE-43E7-AE92-EE528B6FB5DF}.Debug|x64.Build.0 = Debug|Any CPU
		{11F1D2B8-78EE-43E7-AE92-EE528B6FB5DF}.Debug|x86.ActiveCfg = Debug|Any CPU
		{11F1D2B8-78EE-43E7-AE92-EE528B6FB5DF}.Debug|x86.Build.0 = Debug|Any CPU
		{11F1D2B8-78EE-43E7-AE92-EE528B6FB5DF}.Release|Any CPU.ActiveCfg = Release|Any CPU
		{11F1D2B8-78EE-43E7-AE92-EE528B6FB5DF}.Release|Any CPU.Build.0 = Release|Any CPU
		{11F1D2B8-78EE-43E7-AE92-EE528B6FB5DF}.Release|x64.ActiveCfg = Release|Any CPU
		{11F1D2B8-78EE-43E7-AE92-EE528B6FB5DF}.Release|x64.Build.0 = Release|Any CPU
		{11F1D2B8-78EE-43E7-AE92-EE528B6FB5DF}.Release|x86.ActiveCfg = Release|Any CPU
		{11F1D2B8-78EE-43E7-AE92-EE528B6FB5DF}.Release|x86.Build.0 = Release|Any CPU
		{25D0A829-1B1D-4918-B559-A6339930E9C5}.Debug|Any CPU.ActiveCfg = Debug|Any CPU
		{25D0A829-1B1D-4918-B559-A6339930E9C5}.Debug|Any CPU.Build.0 = Debug|Any CPU
		{25D0A829-1B1D-4918-B559-A6339930E9C5}.Debug|x64.ActiveCfg = Debug|Any CPU
		{25D0A829-1B1D-4918-B559-A6339930E9C5}.Debug|x64.Build.0 = Debug|Any CPU
		{25D0A829-1B1D-4918-B559-A6339930E9C5}.Debug|x86.ActiveCfg = Debug|Any CPU
		{25D0A829-1B1D-4918-B559-A6339930E9C5}.Debug|x86.Build.0 = Debug|Any CPU
		{25D0A829-1B1D-4918-B559-A6339930E9C5}.Release|Any CPU.ActiveCfg = Release|Any CPU
		{25D0A829-1B1D-4918-B559-A6339930E9C5}.Release|Any CPU.Build.0 = Release|Any CPU
		{25D0A829-1B1D-4918-B559-A6339930E9C5}.Release|x64.ActiveCfg = Release|Any CPU
		{25D0A829-1B1D-4918-B559-A6339930E9C5}.Release|x64.Build.0 = Release|Any CPU
		{25D0A829-1B1D-4918-B559-A6339930E9C5}.Release|x86.ActiveCfg = Release|Any CPU
		{25D0A829-1B1D-4918-B559-A6339930E9C5}.Release|x86.Build.0 = Release|Any CPU
		{D607C727-7FFB-494B-B481-01B1A2569EE8}.Debug|Any CPU.ActiveCfg = Debug|Any CPU
		{D607C727-7FFB-494B-B481-01B1A2569EE8}.Debug|Any CPU.Build.0 = Debug|Any CPU
		{D607C727-7FFB-494B-B481-01B1A2569EE8}.Debug|x64.ActiveCfg = Debug|Any CPU
		{D607C727-7FFB-494B-B481-01B1A2569EE8}.Debug|x64.Build.0 = Debug|Any CPU
		{D607C727-7FFB-494B-B481-01B1A2569EE8}.Debug|x86.ActiveCfg = Debug|Any CPU
		{D607C727-7FFB-494B-B481-01B1A2569EE8}.Debug|x86.Build.0 = Debug|Any CPU
		{D607C727-7FFB-494B-B481-01B1A2569EE8}.Release|Any CPU.ActiveCfg = Release|Any CPU
		{D607C727-7FFB-494B-B481-01B1A2569EE8}.Release|Any CPU.Build.0 = Release|Any CPU
		{D607C727-7FFB-494B-B481-01B1A2569EE8}.Release|x64.ActiveCfg = Release|Any CPU
		{D607C727-7FFB-494B-B481-01B1A2569EE8}.Release|x64.Build.0 = Release|Any CPU
		{D607C727-7FFB-494B-B481-01B1A2569EE8}.Release|x86.ActiveCfg = Release|Any CPU
		{D607C727-7FFB-494B-B481-01B1A2569EE8}.Release|x86.Build.0 = Release|Any CPU
		{4179A51B-86A4-4426-9923-4621506E2490}.Debug|Any CPU.ActiveCfg = Debug|Any CPU
		{4179A51B-86A4-4426-9923-4621506E2490}.Debug|Any CPU.Build.0 = Debug|Any CPU
		{4179A51B-86A4-4426-9923-4621506E2490}.Debug|x64.ActiveCfg = Debug|Any CPU
		{4179A51B-86A4-4426-9923-4621506E2490}.Debug|x64.Build.0 = Debug|Any CPU
		{4179A51B-86A4-4426-9923-4621506E2490}.Debug|x86.ActiveCfg = Debug|Any CPU
		{4179A51B-86A4-4426-9923-4621506E2490}.Debug|x86.Build.0 = Debug|Any CPU
		{4179A51B-86A4-4426-9923-4621506E2490}.Release|Any CPU.ActiveCfg = Release|Any CPU
		{4179A51B-86A4-4426-9923-4621506E2490}.Release|Any CPU.Build.0 = Release|Any CPU
		{4179A51B-86A4-4426-9923-4621506E2490}.Release|x64.ActiveCfg = Release|Any CPU
		{4179A51B-86A4-4426-9923-4621506E2490}.Release|x64.Build.0 = Release|Any CPU
		{4179A51B-86A4-4426-9923-4621506E2490}.Release|x86.ActiveCfg = Release|Any CPU
		{4179A51B-86A4-4426-9923-4621506E2490}.Release|x86.Build.0 = Release|Any CPU
		{3CB90A8F-D372-426E-930A-65833F46E796}.Debug|Any CPU.ActiveCfg = Debug|Any CPU
		{3CB90A8F-D372-426E-930A-65833F46E796}.Debug|Any CPU.Build.0 = Debug|Any CPU
		{3CB90A8F-D372-426E-930A-65833F46E796}.Debug|x64.ActiveCfg = Debug|Any CPU
		{3CB90A8F-D372-426E-930A-65833F46E796}.Debug|x64.Build.0 = Debug|Any CPU
		{3CB90A8F-D372-426E-930A-65833F46E796}.Debug|x86.ActiveCfg = Debug|Any CPU
		{3CB90A8F-D372-426E-930A-65833F46E796}.Debug|x86.Build.0 = Debug|Any CPU
		{3CB90A8F-D372-426E-930A-65833F46E796}.Release|Any CPU.ActiveCfg = Release|Any CPU
		{3CB90A8F-D372-426E-930A-65833F46E796}.Release|Any CPU.Build.0 = Release|Any CPU
		{3CB90A8F-D372-426E-930A-65833F46E796}.Release|x64.ActiveCfg = Release|Any CPU
		{3CB90A8F-D372-426E-930A-65833F46E796}.Release|x64.Build.0 = Release|Any CPU
		{3CB90A8F-D372-426E-930A-65833F46E796}.Release|x86.ActiveCfg = Release|Any CPU
		{3CB90A8F-D372-426E-930A-65833F46E796}.Release|x86.Build.0 = Release|Any CPU
	EndGlobalSection
	GlobalSection(NestedProjects) = preSolution
		{455B3C80-98CD-484A-8AD0-6EB93E504D84} = {569DF79C-F1A0-4AE9-BE73-17628649518C}
		{23A1A78F-B126-4BC9-81DB-65BC6168ABDF} = {569DF79C-F1A0-4AE9-BE73-17628649518C}
		{8EC9A531-3D43-4453-990F-D271427BF081} = {569DF79C-F1A0-4AE9-BE73-17628649518C}
		{11F1D2B8-78EE-43E7-AE92-EE528B6FB5DF} = {569DF79C-F1A0-4AE9-BE73-17628649518C}
		{25D0A829-1B1D-4918-B559-A6339930E9C5} = {569DF79C-F1A0-4AE9-BE73-17628649518C}
		{D607C727-7FFB-494B-B481-01B1A2569EE8} = {4E140F34-4036-4BCF-9FC9-968AD475FC85}
		{4179A51B-86A4-4426-9923-4621506E2490} = {569DF79C-F1A0-4AE9-BE73-17628649518C}
		{3CB90A8F-D372-426E-930A-65833F46E796} = {ABA8692D-16D1-4258-94E2-D0D73E86F8A1}
	EndGlobalSection
EndGlobal
