
Microsoft Visual Studio Solution File, Format Version 12.00
# Visual Studio 15
VisualStudioVersion = 15.0.26124.0
MinimumVisualStudioVersion = 15.0.26124.0
Project("{2150E333-8FDC-42A3-9474-1A3956D46DE8}") = "src", "src", "{C397A34C-84F1-49E7-AEBC-2F9F2B196216}"
EndProject
Project("{2150E333-8FDC-42A3-9474-1A3956D46DE8}") = "tests", "tests", "{ACBEE43C-7A88-4FB1-9B06-DB064D22B29F}"
EndProject
Project("{F2A71F9B-5D33-465A-A702-920D77279786}") = "Brahma.FSharp.Tests", "tests\Brahma.FSharp.Tests\Brahma.FSharp.Tests.fsproj", "{1CA2E092-2320-451D-A4F0-9ED7C7C528CA}"
EndProject
Project("{F2A71F9B-5D33-465A-A702-920D77279786}") = "docsTool", "docsTool\docsTool.fsproj", "{8855EC73-F6A1-43D3-AFBC-04A3E09F9BD9}"
EndProject
Project("{2150E333-8FDC-42A3-9474-1A3956D46DE8}") = "OpenCL.NET", "OpenCL.NET", "{B1560D9E-E516-4CB3-B5B5-FD67E01A43AD}"
EndProject
Project("{FAE04EC0-301F-11D3-BF4B-00C04F79EFBC}") = "YC.OpenCL.NET", "src\YC.OpenCL.NET\YC.OpenCL.NET.csproj", "{512FDEC8-7AFA-45B8-BC73-228AF0F0F05F}"
EndProject
Project("{2150E333-8FDC-42A3-9474-1A3956D46DE8}") = "Brahma", "Brahma", "{F1D43FDC-C688-4859-9843-49E74ECEA034}"
EndProject
Project("{2150E333-8FDC-42A3-9474-1A3956D46DE8}") = "Brahma.FSharp", "Brahma.FSharp", "{C3AB2B84-58C4-4503-9244-2F2B33783CB9}"
EndProject
Project("{F2A71F9B-5D33-465A-A702-920D77279786}") = "Brahma.FSharp.OpenCL.AST", "src\Brahma.FSharp.OpenCL.AST\Brahma.FSharp.OpenCL.AST.fsproj", "{B71D7269-E4A2-4841-A276-EFF02AF24C5B}"
EndProject
Project("{F2A71F9B-5D33-465A-A702-920D77279786}") = "Brahma.FSharp.OpenCL.Core", "src\Brahma.FSharp.OpenCL.Core\Brahma.FSharp.OpenCL.Core.fsproj", "{22C12ED0-D136-4B00-9018-A6DBD022891A}"
EndProject
Project("{F2A71F9B-5D33-465A-A702-920D77279786}") = "Brahma.FSharp.OpenCL.Translator", "src\Brahma.FSharp.OpenCL.Translator\Brahma.FSharp.OpenCL.Translator.fsproj", "{5193EB24-97FC-4283-BFFF-E4E519344CFB}"
EndProject
Project("{F2A71F9B-5D33-465A-A702-920D77279786}") = "Brahma.FSharp.OpenCL.Printer", "src\Brahma.FSharp.OpenCL.Printer\Brahma.FSharp.OpenCL.Printer.fsproj", "{4C922EDA-9C7D-47AF-8284-1ACEA59A05D6}"
EndProject
Project("{F2A71F9B-5D33-465A-A702-920D77279786}") = "Brahma.FSharp.OpenCL.Extensions", "src\Brahma.FSharp.OpenCL.Extensions\Brahma.FSharp.OpenCL.Extensions.fsproj", "{01321D4B-B2F5-40D9-A8A9-989ED3172CBC}"
EndProject
Global
	GlobalSection(SolutionConfigurationPlatforms) = preSolution
		Debug|Any CPU = Debug|Any CPU
		Debug|x64 = Debug|x64
		Debug|x86 = Debug|x86
		Release|Any CPU = Release|Any CPU
		Release|x64 = Release|x64
		Release|x86 = Release|x86
	EndGlobalSection
	GlobalSection(SolutionProperties) = preSolution
		HideSolutionNode = FALSE
	EndGlobalSection
	GlobalSection(ProjectConfigurationPlatforms) = postSolution
		{1CA2E092-2320-451D-A4F0-9ED7C7C528CA}.Debug|Any CPU.ActiveCfg = Debug|Any CPU
		{1CA2E092-2320-451D-A4F0-9ED7C7C528CA}.Debug|Any CPU.Build.0 = Debug|Any CPU
		{1CA2E092-2320-451D-A4F0-9ED7C7C528CA}.Debug|x64.ActiveCfg = Debug|x64
		{1CA2E092-2320-451D-A4F0-9ED7C7C528CA}.Debug|x64.Build.0 = Debug|x64
		{1CA2E092-2320-451D-A4F0-9ED7C7C528CA}.Debug|x86.ActiveCfg = Debug|x86
		{1CA2E092-2320-451D-A4F0-9ED7C7C528CA}.Debug|x86.Build.0 = Debug|x86
		{1CA2E092-2320-451D-A4F0-9ED7C7C528CA}.Release|Any CPU.ActiveCfg = Release|Any CPU
		{1CA2E092-2320-451D-A4F0-9ED7C7C528CA}.Release|Any CPU.Build.0 = Release|Any CPU
		{1CA2E092-2320-451D-A4F0-9ED7C7C528CA}.Release|x64.ActiveCfg = Release|x64
		{1CA2E092-2320-451D-A4F0-9ED7C7C528CA}.Release|x64.Build.0 = Release|x64
		{1CA2E092-2320-451D-A4F0-9ED7C7C528CA}.Release|x86.ActiveCfg = Release|x86
		{1CA2E092-2320-451D-A4F0-9ED7C7C528CA}.Release|x86.Build.0 = Release|x86
		{8855EC73-F6A1-43D3-AFBC-04A3E09F9BD9}.Debug|Any CPU.ActiveCfg = Debug|Any CPU
		{8855EC73-F6A1-43D3-AFBC-04A3E09F9BD9}.Debug|Any CPU.Build.0 = Debug|Any CPU
		{8855EC73-F6A1-43D3-AFBC-04A3E09F9BD9}.Debug|x64.ActiveCfg = Debug|Any CPU
		{8855EC73-F6A1-43D3-AFBC-04A3E09F9BD9}.Debug|x64.Build.0 = Debug|Any CPU
		{8855EC73-F6A1-43D3-AFBC-04A3E09F9BD9}.Debug|x86.ActiveCfg = Debug|Any CPU
		{8855EC73-F6A1-43D3-AFBC-04A3E09F9BD9}.Debug|x86.Build.0 = Debug|Any CPU
		{8855EC73-F6A1-43D3-AFBC-04A3E09F9BD9}.Release|Any CPU.ActiveCfg = Release|Any CPU
		{8855EC73-F6A1-43D3-AFBC-04A3E09F9BD9}.Release|Any CPU.Build.0 = Release|Any CPU
		{8855EC73-F6A1-43D3-AFBC-04A3E09F9BD9}.Release|x64.ActiveCfg = Release|Any CPU
		{8855EC73-F6A1-43D3-AFBC-04A3E09F9BD9}.Release|x64.Build.0 = Release|Any CPU
		{8855EC73-F6A1-43D3-AFBC-04A3E09F9BD9}.Release|x86.ActiveCfg = Release|Any CPU
		{8855EC73-F6A1-43D3-AFBC-04A3E09F9BD9}.Release|x86.Build.0 = Release|Any CPU
		{512FDEC8-7AFA-45B8-BC73-228AF0F0F05F}.Debug|Any CPU.ActiveCfg = Debug|Any CPU
		{512FDEC8-7AFA-45B8-BC73-228AF0F0F05F}.Debug|Any CPU.Build.0 = Debug|Any CPU
		{512FDEC8-7AFA-45B8-BC73-228AF0F0F05F}.Debug|x64.ActiveCfg = Debug|Any CPU
		{512FDEC8-7AFA-45B8-BC73-228AF0F0F05F}.Debug|x64.Build.0 = Debug|Any CPU
		{512FDEC8-7AFA-45B8-BC73-228AF0F0F05F}.Debug|x86.ActiveCfg = Debug|Any CPU
		{512FDEC8-7AFA-45B8-BC73-228AF0F0F05F}.Debug|x86.Build.0 = Debug|Any CPU
		{512FDEC8-7AFA-45B8-BC73-228AF0F0F05F}.Release|Any CPU.ActiveCfg = Release|Any CPU
		{512FDEC8-7AFA-45B8-BC73-228AF0F0F05F}.Release|Any CPU.Build.0 = Release|Any CPU
		{512FDEC8-7AFA-45B8-BC73-228AF0F0F05F}.Release|x64.ActiveCfg = Release|Any CPU
		{512FDEC8-7AFA-45B8-BC73-228AF0F0F05F}.Release|x64.Build.0 = Release|Any CPU
		{512FDEC8-7AFA-45B8-BC73-228AF0F0F05F}.Release|x86.ActiveCfg = Release|Any CPU
		{512FDEC8-7AFA-45B8-BC73-228AF0F0F05F}.Release|x86.Build.0 = Release|Any CPU		
		{B71D7269-E4A2-4841-A276-EFF02AF24C5B}.Debug|Any CPU.ActiveCfg = Debug|Any CPU
		{B71D7269-E4A2-4841-A276-EFF02AF24C5B}.Debug|Any CPU.Build.0 = Debug|Any CPU
		{B71D7269-E4A2-4841-A276-EFF02AF24C5B}.Debug|x64.ActiveCfg = Debug|Any CPU
		{B71D7269-E4A2-4841-A276-EFF02AF24C5B}.Debug|x64.Build.0 = Debug|Any CPU
		{B71D7269-E4A2-4841-A276-EFF02AF24C5B}.Debug|x86.ActiveCfg = Debug|Any CPU
		{B71D7269-E4A2-4841-A276-EFF02AF24C5B}.Debug|x86.Build.0 = Debug|Any CPU
		{B71D7269-E4A2-4841-A276-EFF02AF24C5B}.Release|Any CPU.ActiveCfg = Release|Any CPU
		{B71D7269-E4A2-4841-A276-EFF02AF24C5B}.Release|Any CPU.Build.0 = Release|Any CPU
		{B71D7269-E4A2-4841-A276-EFF02AF24C5B}.Release|x64.ActiveCfg = Release|Any CPU
		{B71D7269-E4A2-4841-A276-EFF02AF24C5B}.Release|x64.Build.0 = Release|Any CPU
		{B71D7269-E4A2-4841-A276-EFF02AF24C5B}.Release|x86.ActiveCfg = Release|Any CPU
		{B71D7269-E4A2-4841-A276-EFF02AF24C5B}.Release|x86.Build.0 = Release|Any CPU
		{22C12ED0-D136-4B00-9018-A6DBD022891A}.Debug|Any CPU.ActiveCfg = Debug|Any CPU
		{22C12ED0-D136-4B00-9018-A6DBD022891A}.Debug|Any CPU.Build.0 = Debug|Any CPU
		{22C12ED0-D136-4B00-9018-A6DBD022891A}.Debug|x64.ActiveCfg = Debug|Any CPU
		{22C12ED0-D136-4B00-9018-A6DBD022891A}.Debug|x64.Build.0 = Debug|Any CPU
		{22C12ED0-D136-4B00-9018-A6DBD022891A}.Debug|x86.ActiveCfg = Debug|Any CPU
		{22C12ED0-D136-4B00-9018-A6DBD022891A}.Debug|x86.Build.0 = Debug|Any CPU
		{22C12ED0-D136-4B00-9018-A6DBD022891A}.Release|Any CPU.ActiveCfg = Release|Any CPU
		{22C12ED0-D136-4B00-9018-A6DBD022891A}.Release|Any CPU.Build.0 = Release|Any CPU
		{22C12ED0-D136-4B00-9018-A6DBD022891A}.Release|x64.ActiveCfg = Release|Any CPU
		{22C12ED0-D136-4B00-9018-A6DBD022891A}.Release|x64.Build.0 = Release|Any CPU
		{22C12ED0-D136-4B00-9018-A6DBD022891A}.Release|x86.ActiveCfg = Release|Any CPU
		{22C12ED0-D136-4B00-9018-A6DBD022891A}.Release|x86.Build.0 = Release|Any CPU		
		{5193EB24-97FC-4283-BFFF-E4E519344CFB}.Debug|Any CPU.ActiveCfg = Debug|Any CPU
		{5193EB24-97FC-4283-BFFF-E4E519344CFB}.Debug|Any CPU.Build.0 = Debug|Any CPU
		{5193EB24-97FC-4283-BFFF-E4E519344CFB}.Debug|x64.ActiveCfg = Debug|Any CPU
		{5193EB24-97FC-4283-BFFF-E4E519344CFB}.Debug|x64.Build.0 = Debug|Any CPU
		{5193EB24-97FC-4283-BFFF-E4E519344CFB}.Debug|x86.ActiveCfg = Debug|Any CPU
		{5193EB24-97FC-4283-BFFF-E4E519344CFB}.Debug|x86.Build.0 = Debug|Any CPU
		{5193EB24-97FC-4283-BFFF-E4E519344CFB}.Release|Any CPU.ActiveCfg = Release|Any CPU
		{5193EB24-97FC-4283-BFFF-E4E519344CFB}.Release|Any CPU.Build.0 = Release|Any CPU
		{5193EB24-97FC-4283-BFFF-E4E519344CFB}.Release|x64.ActiveCfg = Release|Any CPU
		{5193EB24-97FC-4283-BFFF-E4E519344CFB}.Release|x64.Build.0 = Release|Any CPU
		{5193EB24-97FC-4283-BFFF-E4E519344CFB}.Release|x86.ActiveCfg = Release|Any CPU
		{5193EB24-97FC-4283-BFFF-E4E519344CFB}.Release|x86.Build.0 = Release|Any CPU
		{4C922EDA-9C7D-47AF-8284-1ACEA59A05D6}.Debug|Any CPU.ActiveCfg = Debug|Any CPU
		{4C922EDA-9C7D-47AF-8284-1ACEA59A05D6}.Debug|Any CPU.Build.0 = Debug|Any CPU
		{4C922EDA-9C7D-47AF-8284-1ACEA59A05D6}.Debug|x64.ActiveCfg = Debug|Any CPU
		{4C922EDA-9C7D-47AF-8284-1ACEA59A05D6}.Debug|x64.Build.0 = Debug|Any CPU
		{4C922EDA-9C7D-47AF-8284-1ACEA59A05D6}.Debug|x86.ActiveCfg = Debug|Any CPU
		{4C922EDA-9C7D-47AF-8284-1ACEA59A05D6}.Debug|x86.Build.0 = Debug|Any CPU
		{4C922EDA-9C7D-47AF-8284-1ACEA59A05D6}.Release|Any CPU.ActiveCfg = Release|Any CPU
		{4C922EDA-9C7D-47AF-8284-1ACEA59A05D6}.Release|Any CPU.Build.0 = Release|Any CPU
		{4C922EDA-9C7D-47AF-8284-1ACEA59A05D6}.Release|x64.ActiveCfg = Release|Any CPU
		{4C922EDA-9C7D-47AF-8284-1ACEA59A05D6}.Release|x64.Build.0 = Release|Any CPU
		{4C922EDA-9C7D-47AF-8284-1ACEA59A05D6}.Release|x86.ActiveCfg = Release|Any CPU
		{4C922EDA-9C7D-47AF-8284-1ACEA59A05D6}.Release|x86.Build.0 = Release|Any CPU
		{01321D4B-B2F5-40D9-A8A9-989ED3172CBC}.Debug|Any CPU.ActiveCfg = Debug|Any CPU
		{01321D4B-B2F5-40D9-A8A9-989ED3172CBC}.Debug|Any CPU.Build.0 = Debug|Any CPU
		{01321D4B-B2F5-40D9-A8A9-989ED3172CBC}.Debug|x64.ActiveCfg = Debug|Any CPU
		{01321D4B-B2F5-40D9-A8A9-989ED3172CBC}.Debug|x64.Build.0 = Debug|Any CPU
		{01321D4B-B2F5-40D9-A8A9-989ED3172CBC}.Debug|x86.ActiveCfg = Debug|Any CPU
		{01321D4B-B2F5-40D9-A8A9-989ED3172CBC}.Debug|x86.Build.0 = Debug|Any CPU
		{01321D4B-B2F5-40D9-A8A9-989ED3172CBC}.Release|Any CPU.ActiveCfg = Release|Any CPU
		{01321D4B-B2F5-40D9-A8A9-989ED3172CBC}.Release|Any CPU.Build.0 = Release|Any CPU
		{01321D4B-B2F5-40D9-A8A9-989ED3172CBC}.Release|x64.ActiveCfg = Release|Any CPU
		{01321D4B-B2F5-40D9-A8A9-989ED3172CBC}.Release|x64.Build.0 = Release|Any CPU
		{01321D4B-B2F5-40D9-A8A9-989ED3172CBC}.Release|x86.ActiveCfg = Release|Any CPU
		{01321D4B-B2F5-40D9-A8A9-989ED3172CBC}.Release|x86.Build.0 = Release|Any CPU			
	EndGlobalSection
	GlobalSection(NestedProjects) = preSolution
		{1CA2E092-2320-451D-A4F0-9ED7C7C528CA} = {ACBEE43C-7A88-4FB1-9B06-DB064D22B29F}
		{B1560D9E-E516-4CB3-B5B5-FD67E01A43AD} = {C397A34C-84F1-49E7-AEBC-2F9F2B196216}
		{512FDEC8-7AFA-45B8-BC73-228AF0F0F05F} = {B1560D9E-E516-4CB3-B5B5-FD67E01A43AD}
		{F1D43FDC-C688-4859-9843-49E74ECEA034} = {C397A34C-84F1-49E7-AEBC-2F9F2B196216}		
		{C3AB2B84-58C4-4503-9244-2F2B33783CB9} = {C397A34C-84F1-49E7-AEBC-2F9F2B196216}
		{B71D7269-E4A2-4841-A276-EFF02AF24C5B} = {C3AB2B84-58C4-4503-9244-2F2B33783CB9}
		{22C12ED0-D136-4B00-9018-A6DBD022891A} = {C3AB2B84-58C4-4503-9244-2F2B33783CB9}		
		{5193EB24-97FC-4283-BFFF-E4E519344CFB} = {C3AB2B84-58C4-4503-9244-2F2B33783CB9}
		{4C922EDA-9C7D-47AF-8284-1ACEA59A05D6} = {C3AB2B84-58C4-4503-9244-2F2B33783CB9}
		{01321D4B-B2F5-40D9-A8A9-989ED3172CBC} = {C3AB2B84-58C4-4503-9244-2F2B33783CB9}			
	EndGlobalSection
EndGlobal
